Microsoft Visual Studio Solution File, Format Version 12.00
# Visual Studio Version 16
VisualStudioVersion = 16.0.29424.173
MinimumVisualStudioVersion = 10.0.40219.1
Project("{2150E333-8FDC-42A3-9474-1A3956D46DE8}") = "Domain", "Domain", "{5523942E-C19D-48AA-9F15-79F36E5DB3B8}"
EndProject
Project("{2150E333-8FDC-42A3-9474-1A3956D46DE8}") = "Tests", "Tests", "{3A9413E0-740E-41B1-A6D7-00420D8413CF}"
EndProject
Project("{2150E333-8FDC-42A3-9474-1A3956D46DE8}") = "Infrastructure", "Infrastructure", "{9902F6F0-814C-4914-9BBD-569FAB1AA33D}"
EndProject
Project("{2150E333-8FDC-42A3-9474-1A3956D46DE8}") = "TransportLogistics", "TransportLogistics", "{03F16349-9E97-47A7-9158-92534D7D29FF}"
EndProject
Project("{2150E333-8FDC-42A3-9474-1A3956D46DE8}") = "Tariffs", "Tariffs", "{0156F587-0A2B-4EE9-B13E-8E7005D3A080}"
EndProject
Project("{2150E333-8FDC-42A3-9474-1A3956D46DE8}") = "Orders", "Orders", "{B769B78E-06DF-4E15-9057-AF2891531AAE}"
EndProject
Project("{2150E333-8FDC-42A3-9474-1A3956D46DE8}") = "Socials", "Socials", "{8CBBB5D2-B7A2-4A88-ADDB-58BAD2C16F94}"
EndProject
Project("{2150E333-8FDC-42A3-9474-1A3956D46DE8}") = "Locations", "Locations", "{9FA58F95-4197-4768-BD3A-F36EA234BCE7}"
EndProject
Project("{2150E333-8FDC-42A3-9474-1A3956D46DE8}") = "Application", "Application", "{353D437D-C1A5-4C7D-8CA1-25B0670AC144}"
EndProject
Project("{FAE04EC0-301F-11D3-BF4B-00C04F79EFBC}") = "Tariffs.Application", "TransportLogistics\Tariff\Application\Tariffs.Application\Tariffs.Application.csproj", "{CC61AC50-79CD-4DBF-A4C7-0812646D8AD5}"
EndProject
Project("{FAE04EC0-301F-11D3-BF4B-00C04F79EFBC}") = "Tariffs.Domain", "TransportLogistics\Tariff\Domain\Tariffs.Domain\Tariffs.Domain.csproj", "{BC3D72EC-1660-4EBE-959B-B616BE21893F}"
EndProject
Project("{FAE04EC0-301F-11D3-BF4B-00C04F79EFBC}") = "Tariffs.Infrastructure.WebApi", "TransportLogistics\Tariff\Infrastructure\Tariffs.Infrastructure.WebApi\Tariffs.Infrastructure.WebApi.csproj", "{8FBBD7CC-14E0-41BE-B563-972CB8FBC7DE}"
EndProject
Project("{FAE04EC0-301F-11D3-BF4B-00C04F79EFBC}") = "Tariffs.Tests.UnitTests", "TransportLogistics\Tariff\Tests\Tariffs.Tests.UnitTests\Tariffs.Tests.UnitTests.csproj", "{B369CBE7-B558-4E0F-870B-17D28A0EF720}"
EndProject
Project("{2150E333-8FDC-42A3-9474-1A3956D46DE8}") = "SharedKernel", "SharedKernel", "{4A280D79-8C5E-4A58-A933-C78CCBE47255}"
EndProject
Project("{FAE04EC0-301F-11D3-BF4B-00C04F79EFBC}") = "Domain.Abstracts", "SharedKernel\Domain.Abstracts\Domain.Abstracts.csproj", "{D7490F30-7E2A-4632-82D2-2F54C0292B66}"
EndProject
Project("{FAE04EC0-301F-11D3-BF4B-00C04F79EFBC}") = "Application.Abstracts", "SharedKernel\Application.Abstracts\Application.Abstracts.csproj", "{B6A5E411-E25C-4829-8F36-6B76E48AB33C}"
EndProject
Project("{FAE04EC0-301F-11D3-BF4B-00C04F79EFBC}") = "Tariffs.Application.DependencyInjection", "TransportLogistics\Tariff\Application\Tariffs.Application.DependencyInjection\Tariffs.Application.DependencyInjection.csproj", "{67900098-00E5-4760-AAA5-AF82653F0309}"
EndProject
Project("{2150E333-8FDC-42A3-9474-1A3956D46DE8}") = "DataAccess", "DataAccess", "{64B433F2-5113-4C56-B6B4-2E3468EBA84E}"
EndProject
Project("{FAE04EC0-301F-11D3-BF4B-00C04F79EFBC}") = "Tariffs.Infrastructure.DataAccess.Neo4j", "TransportLogistics\Tariff\Infrastructure\DataAccess\Tariffs.Infrastructure.DataAccess.Neo4j\Tariffs.Infrastructure.DataAccess.Neo4j.csproj", "{ACE2674E-BF4C-4761-A627-B2E32B98606F}"
EndProject
Project("{FAE04EC0-301F-11D3-BF4B-00C04F79EFBC}") = "Tariffs.Infrastructure.DependencyInjection", "TransportLogistics\Tariff\Infrastructure\Tariffs.Infrastructure.DependencyInjection\Tariffs.Infrastructure.DependencyInjection.csproj", "{36049155-DA44-450B-97BC-1E5628A8317B}"
EndProject
Project("{2150E333-8FDC-42A3-9474-1A3956D46DE8}") = "Infrastructure", "Infrastructure", "{AEF58B74-7460-4CBC-8B29-48424C3ECB3E}"
EndProject
Project("{FAE04EC0-301F-11D3-BF4B-00C04F79EFBC}") = "Compress.Extensions", "SharedKernel\Infrastructure\Compress.Extensions\Compress.Extensions.csproj", "{F65ECD21-D2AC-480D-9FAA-755660C93E45}"
EndProject
Project("{FAE04EC0-301F-11D3-BF4B-00C04F79EFBC}") = "DataAccess", "SharedKernel\Infrastructure\DataAccess\DataAccess.csproj", "{6BF7E91D-E3E1-4E95-8A1D-8BD7EC801E28}"
EndProject
Project("{FAE04EC0-301F-11D3-BF4B-00C04F79EFBC}") = "DependencyInjection", "SharedKernel\Infrastructure\DependencyInjection\DependencyInjection.csproj", "{27494C41-BA18-4358-9A56-FA4437F0FB72}"
EndProject
Project("{FAE04EC0-301F-11D3-BF4B-00C04F79EFBC}") = "UnitTests", "SharedKernel\Infrastructure\UnitTests\UnitTests.csproj", "{C7677423-9C93-48EA-9313-185EFB3FBED7}"
EndProject
Project("{FAE04EC0-301F-11D3-BF4B-00C04F79EFBC}") = "Benchmarks", "SharedKernel\Infrastructure\Benchmarks\Benchmarks.csproj", "{88BB2D6B-8977-4041-A9F8-7B9387F6590A}"
EndProject
Global
	GlobalSection(NestedProjects) = preSolution
		{0156F587-0A2B-4EE9-B13E-8E7005D3A080} = {03F16349-9E97-47A7-9158-92534D7D29FF}
		{B769B78E-06DF-4E15-9057-AF2891531AAE} = {03F16349-9E97-47A7-9158-92534D7D29FF}
		{353D437D-C1A5-4C7D-8CA1-25B0670AC144} = {0156F587-0A2B-4EE9-B13E-8E7005D3A080}
		{CC61AC50-79CD-4DBF-A4C7-0812646D8AD5} = {353D437D-C1A5-4C7D-8CA1-25B0670AC144}
		{9902F6F0-814C-4914-9BBD-569FAB1AA33D} = {0156F587-0A2B-4EE9-B13E-8E7005D3A080}
		{3A9413E0-740E-41B1-A6D7-00420D8413CF} = {0156F587-0A2B-4EE9-B13E-8E7005D3A080}
		{5523942E-C19D-48AA-9F15-79F36E5DB3B8} = {0156F587-0A2B-4EE9-B13E-8E7005D3A080}
		{BC3D72EC-1660-4EBE-959B-B616BE21893F} = {5523942E-C19D-48AA-9F15-79F36E5DB3B8}
		{8FBBD7CC-14E0-41BE-B563-972CB8FBC7DE} = {9902F6F0-814C-4914-9BBD-569FAB1AA33D}
		{B369CBE7-B558-4E0F-870B-17D28A0EF720} = {3A9413E0-740E-41B1-A6D7-00420D8413CF}
		{D7490F30-7E2A-4632-82D2-2F54C0292B66} = {4A280D79-8C5E-4A58-A933-C78CCBE47255}
		{B6A5E411-E25C-4829-8F36-6B76E48AB33C} = {4A280D79-8C5E-4A58-A933-C78CCBE47255}
		{67900098-00E5-4760-AAA5-AF82653F0309} = {353D437D-C1A5-4C7D-8CA1-25B0670AC144}
		{64B433F2-5113-4C56-B6B4-2E3468EBA84E} = {9902F6F0-814C-4914-9BBD-569FAB1AA33D}
		{ACE2674E-BF4C-4761-A627-B2E32B98606F} = {64B433F2-5113-4C56-B6B4-2E3468EBA84E}
		{36049155-DA44-450B-97BC-1E5628A8317B} = {9902F6F0-814C-4914-9BBD-569FAB1AA33D}
		{AEF58B74-7460-4CBC-8B29-48424C3ECB3E} = {4A280D79-8C5E-4A58-A933-C78CCBE47255}
		{F65ECD21-D2AC-480D-9FAA-755660C93E45} = {AEF58B74-7460-4CBC-8B29-48424C3ECB3E}
		{6BF7E91D-E3E1-4E95-8A1D-8BD7EC801E28} = {AEF58B74-7460-4CBC-8B29-48424C3ECB3E}
		{27494C41-BA18-4358-9A56-FA4437F0FB72} = {AEF58B74-7460-4CBC-8B29-48424C3ECB3E}
		{C7677423-9C93-48EA-9313-185EFB3FBED7} = {AEF58B74-7460-4CBC-8B29-48424C3ECB3E}
		{88BB2D6B-8977-4041-A9F8-7B9387F6590A} = {AEF58B74-7460-4CBC-8B29-48424C3ECB3E}
	EndGlobalSection
	GlobalSection(ProjectConfigurationPlatforms) = postSolution
		{CC61AC50-79CD-4DBF-A4C7-0812646D8AD5}.net6|Any CPU.ActiveCfg = Debug|Any CPU
		{CC61AC50-79CD-4DBF-A4C7-0812646D8AD5}.net6|Any CPU.Build.0 = Debug|Any CPU
		{8FBBD7CC-14E0-41BE-B563-972CB8FBC7DE}.net6|Any CPU.ActiveCfg = Debug|Any CPU
		{8FBBD7CC-14E0-41BE-B563-972CB8FBC7DE}.net6|Any CPU.Build.0 = Debug|Any CPU
		{B369CBE7-B558-4E0F-870B-17D28A0EF720}.net6|Any CPU.ActiveCfg = Debug|Any CPU
		{B369CBE7-B558-4E0F-870B-17D28A0EF720}.net6|Any CPU.Build.0 = Debug|Any CPU
		{D7490F30-7E2A-4632-82D2-2F54C0292B66}.net6|Any CPU.ActiveCfg = Debug|Any CPU
		{D7490F30-7E2A-4632-82D2-2F54C0292B66}.net6|Any CPU.Build.0 = Debug|Any CPU
		{B6A5E411-E25C-4829-8F36-6B76E48AB33C}.net6|Any CPU.ActiveCfg = Debug|Any CPU
		{B6A5E411-E25C-4829-8F36-6B76E48AB33C}.net6|Any CPU.Build.0 = Debug|Any CPU
		{67900098-00E5-4760-AAA5-AF82653F0309}.net6|Any CPU.ActiveCfg = Debug|Any CPU
		{67900098-00E5-4760-AAA5-AF82653F0309}.net6|Any CPU.Build.0 = Debug|Any CPU
		{ACE2674E-BF4C-4761-A627-B2E32B98606F}.net6|Any CPU.ActiveCfg = Debug|Any CPU
		{ACE2674E-BF4C-4761-A627-B2E32B98606F}.net6|Any CPU.Build.0 = Debug|Any CPU
		{36049155-DA44-450B-97BC-1E5628A8317B}.net6|Any CPU.ActiveCfg = Debug|Any CPU
		{36049155-DA44-450B-97BC-1E5628A8317B}.net6|Any CPU.Build.0 = Debug|Any CPU
		{6BF7E91D-E3E1-4E95-8A1D-8BD7EC801E28}.net6|Any CPU.ActiveCfg = Debug|Any CPU
		{6BF7E91D-E3E1-4E95-8A1D-8BD7EC801E28}.net6|Any CPU.Build.0 = Debug|Any CPU
		{27494C41-BA18-4358-9A56-FA4437F0FB72}.net6|Any CPU.ActiveCfg = Debug|Any CPU
		{27494C41-BA18-4358-9A56-FA4437F0FB72}.net6|Any CPU.Build.0 = Debug|Any CPU
		{C7677423-9C93-48EA-9313-185EFB3FBED7}.net6|Any CPU.ActiveCfg = Debug|Any CPU
		{C7677423-9C93-48EA-9313-185EFB3FBED7}.net6|Any CPU.Build.0 = Debug|Any CPU
		{88BB2D6B-8977-4041-A9F8-7B9387F6590A}.net6|Any CPU.ActiveCfg = Release|Any CPU
		{88BB2D6B-8977-4041-A9F8-7B9387F6590A}.net6|Any CPU.Build.0 = Release|Any CPU
		{BC3D72EC-1660-4EBE-959B-B616BE21893F}.net6|Any CPU.ActiveCfg = Debug|Any CPU
		{BC3D72EC-1660-4EBE-959B-B616BE21893F}.net6|Any CPU.Build.0 = Debug|Any CPU
		{F65ECD21-D2AC-480D-9FAA-755660C93E45}.net6|Any CPU.ActiveCfg = Debug|Any CPU
		{F65ECD21-D2AC-480D-9FAA-755660C93E45}.net6|Any CPU.Build.0 = Debug|Any CPU
	EndGlobalSection
	GlobalSection(SolutionConfigurationPlatforms) = preSolution
		net6|Any CPU = net6|Any CPU
	EndGlobalSection
EndGlobal
