Microsoft Visual Studio Solution File, Format Version 12.00
# Visual Studio Version 16
VisualStudioVersion = 16.0.29424.173
MinimumVisualStudioVersion = 10.0.40219.1
Project("{2150E333-8FDC-42A3-9474-1A3956D46DE8}") = "Domain", "Domain", "{5523942E-C19D-48AA-9F15-79F36E5DB3B8}"
EndProject
Project("{2150E333-8FDC-42A3-9474-1A3956D46DE8}") = "Application", "Application", "{F691DBC1-9737-45F9-8B17-CF22B235F02B}"
EndProject
Project("{2150E333-8FDC-42A3-9474-1A3956D46DE8}") = "Tools", "Tools", "{94F13523-60DF-46B2-8441-DFAA09A87125}"
EndProject
Project("{2150E333-8FDC-42A3-9474-1A3956D46DE8}") = "Tests", "Tests", "{3A9413E0-740E-41B1-A6D7-00420D8413CF}"
EndProject
Project("{2150E333-8FDC-42A3-9474-1A3956D46DE8}") = "Shared", "Shared", "{C0E1B0BE-9609-433C-B2C1-4D1F852856A0}"
EndProject
Project("{2150E333-8FDC-42A3-9474-1A3956D46DE8}") = "Infrastructure", "Infrastructure", "{9902F6F0-814C-4914-9BBD-569FAB1AA33D}"
EndProject
Project("{FAE04EC0-301F-11D3-BF4B-00C04F79EFBC}") = "Domain.Tariff", "Domain\Domain.Tariff\Domain.Tariff.csproj", "{F8980F67-7FA4-4F83-9269-4D5D7BE189D8}"
EndProject
Project("{2150E333-8FDC-42A3-9474-1A3956D46DE8}") = "Shared.Exceptions", "Shared.Exceptions", "{00084946-0F9E-4089-B1D8-127F0E2E395E}"
EndProject
Project("{FAE04EC0-301F-11D3-BF4B-00C04F79EFBC}") = "Shared.Exceptions", "Shared\Shared.Exceptions\Shared.Exceptions\Shared.Exceptions.csproj", "{6A9E39E4-E047-4BC0-B580-FE0F48852C2E}"
EndProject
Project("{2150E333-8FDC-42A3-9474-1A3956D46DE8}") = "Shared.Localization", "Shared.Localization", "{1A245051-A334-4EE4-B47A-0EDAB445686A}"
EndProject
Project("{FAE04EC0-301F-11D3-BF4B-00C04F79EFBC}") = "Shared.Localization", "Shared\Shared.Localization\Shared.Localization\Shared.Localization.csproj", "{0033F4DC-B16C-40A4-9758-025D98C0F661}"
EndProject
Project("{FAE04EC0-301F-11D3-BF4B-00C04F79EFBC}") = "Shared.Localization.Abstractions", "Shared\Shared.Localization\Shared.Localization.Abstractions\Shared.Localization.Abstractions.csproj", "{8867875B-A17A-484B-869B-524AD7717100}"
EndProject
Project("{FAE04EC0-301F-11D3-BF4B-00C04F79EFBC}") = "Application.Tariff", "Application\Application.Tariff\Application.Tariff\Application.Tariff.csproj", "{79D20E63-3B25-459A-BBBF-B05D7D55C47F}"
EndProject
Project("{FAE04EC0-301F-11D3-BF4B-00C04F79EFBC}") = "Infrastructure.WebApi", "Infrastructure\Infrastructure.WebApi\Infrastructure.WebApi.csproj", "{FB6CCE98-CC94-4637-B14E-431B755B6108}"
EndProject
Project("{FAE04EC0-301F-11D3-BF4B-00C04F79EFBC}") = "TL.UnitTests", "Tests\TL.UnitTests\TL.UnitTests.csproj", "{4A9E4166-2D16-4605-88ED-710B26B6E690}"
EndProject
Global
	GlobalSection(NestedProjects) = preSolution
		{F8980F67-7FA4-4F83-9269-4D5D7BE189D8} = {5523942E-C19D-48AA-9F15-79F36E5DB3B8}
		{00084946-0F9E-4089-B1D8-127F0E2E395E} = {C0E1B0BE-9609-433C-B2C1-4D1F852856A0}
		{6A9E39E4-E047-4BC0-B580-FE0F48852C2E} = {00084946-0F9E-4089-B1D8-127F0E2E395E}
		{1A245051-A334-4EE4-B47A-0EDAB445686A} = {C0E1B0BE-9609-433C-B2C1-4D1F852856A0}
		{0033F4DC-B16C-40A4-9758-025D98C0F661} = {1A245051-A334-4EE4-B47A-0EDAB445686A}
		{8867875B-A17A-484B-869B-524AD7717100} = {1A245051-A334-4EE4-B47A-0EDAB445686A}
		{79D20E63-3B25-459A-BBBF-B05D7D55C47F} = {F691DBC1-9737-45F9-8B17-CF22B235F02B}
		{FB6CCE98-CC94-4637-B14E-431B755B6108} = {9902F6F0-814C-4914-9BBD-569FAB1AA33D}
		{4A9E4166-2D16-4605-88ED-710B26B6E690} = {3A9413E0-740E-41B1-A6D7-00420D8413CF}
	EndGlobalSection
	GlobalSection(ProjectConfigurationPlatforms) = postSolution
		{F8980F67-7FA4-4F83-9269-4D5D7BE189D8}.net6|Any CPU.ActiveCfg = net6|Any CPU
		{F8980F67-7FA4-4F83-9269-4D5D7BE189D8}.net6|Any CPU.Build.0 = net6|Any CPU
		{6A9E39E4-E047-4BC0-B580-FE0F48852C2E}.net6|Any CPU.ActiveCfg = Debug|Any CPU
		{6A9E39E4-E047-4BC0-B580-FE0F48852C2E}.net6|Any CPU.Build.0 = Debug|Any CPU
		{0033F4DC-B16C-40A4-9758-025D98C0F661}.net6|Any CPU.ActiveCfg = Debug|Any CPU
		{0033F4DC-B16C-40A4-9758-025D98C0F661}.net6|Any CPU.Build.0 = Debug|Any CPU
		{8867875B-A17A-484B-869B-524AD7717100}.net6|Any CPU.ActiveCfg = Debug|Any CPU
		{8867875B-A17A-484B-869B-524AD7717100}.net6|Any CPU.Build.0 = Debug|Any CPU
		{79D20E63-3B25-459A-BBBF-B05D7D55C47F}.net6|Any CPU.ActiveCfg = Debug|Any CPU
		{79D20E63-3B25-459A-BBBF-B05D7D55C47F}.net6|Any CPU.Build.0 = Debug|Any CPU
		{FB6CCE98-CC94-4637-B14E-431B755B6108}.net6|Any CPU.ActiveCfg = Debug|Any CPU
		{FB6CCE98-CC94-4637-B14E-431B755B6108}.net6|Any CPU.Build.0 = Debug|Any CPU
		{4A9E4166-2D16-4605-88ED-710B26B6E690}.net6|Any CPU.ActiveCfg = Debug|Any CPU
		{4A9E4166-2D16-4605-88ED-710B26B6E690}.net6|Any CPU.Build.0 = Debug|Any CPU
	EndGlobalSection
	GlobalSection(SolutionConfigurationPlatforms) = preSolution
		net6|Any CPU = net6|Any CPU
	EndGlobalSection
EndGlobal
